
Microsoft Visual Studio Solution File, Format Version 12.00
# Visual Studio Version 17
VisualStudioVersion = 17.2.32505.173
MinimumVisualStudioVersion = 10.0.40219.1
Project("{9A19103F-16F7-4668-BE54-9A1E7A4F7556}") = "SharpGame", "SharpGame\SharpGame.csproj", "{208CD415-465E-4EBE-85B5-873578B718FA}"
EndProject
Project("{9A19103F-16F7-4668-BE54-9A1E7A4F7556}") = "SharpGameTest", "SharpGameTest\SharpGameTest.csproj", "{64237C14-86E2-4373-99C8-8C02BBA67EB6}"
EndProject
Project("{9A19103F-16F7-4668-BE54-9A1E7A4F7556}") = "SharpActors", "..\SharpActors\SharpActors\SharpActors.csproj", "{C8E0FFF3-D751-4223-9F55-CC56E1916D27}"
EndProject
Project("{FAE04EC0-301F-11D3-BF4B-00C04F79EFBC}") = "SharpEditor", "SharpEditor\SharpEditor.csproj", "{40481955-EC34-4912-89A1-5ECDA89A3433}"
EndProject
Global
	GlobalSection(SolutionConfigurationPlatforms) = preSolution
		Debug|Any CPU = Debug|Any CPU
		Debug|x64 = Debug|x64
		Release|Any CPU = Release|Any CPU
		Release|x64 = Release|x64
	EndGlobalSection
	GlobalSection(ProjectConfigurationPlatforms) = postSolution
		{208CD415-465E-4EBE-85B5-873578B718FA}.Debug|Any CPU.ActiveCfg = Debug|Any CPU
		{208CD415-465E-4EBE-85B5-873578B718FA}.Debug|Any CPU.Build.0 = Debug|Any CPU
		{208CD415-465E-4EBE-85B5-873578B718FA}.Debug|x64.ActiveCfg = Debug|Any CPU
		{208CD415-465E-4EBE-85B5-873578B718FA}.Debug|x64.Build.0 = Debug|Any CPU
		{208CD415-465E-4EBE-85B5-873578B718FA}.Release|Any CPU.ActiveCfg = Release|Any CPU
		{208CD415-465E-4EBE-85B5-873578B718FA}.Release|Any CPU.Build.0 = Release|Any CPU
		{208CD415-465E-4EBE-85B5-873578B718FA}.Release|x64.ActiveCfg = Release|Any CPU
		{208CD415-465E-4EBE-85B5-873578B718FA}.Release|x64.Build.0 = Release|Any CPU
		{64237C14-86E2-4373-99C8-8C02BBA67EB6}.Debug|Any CPU.ActiveCfg = Debug|Any CPU
		{64237C14-86E2-4373-99C8-8C02BBA67EB6}.Debug|Any CPU.Build.0 = Debug|Any CPU
		{64237C14-86E2-4373-99C8-8C02BBA67EB6}.Debug|x64.ActiveCfg = Debug|x64
		{64237C14-86E2-4373-99C8-8C02BBA67EB6}.Debug|x64.Build.0 = Debug|x64
		{64237C14-86E2-4373-99C8-8C02BBA67EB6}.Release|Any CPU.ActiveCfg = Release|Any CPU
		{64237C14-86E2-4373-99C8-8C02BBA67EB6}.Release|Any CPU.Build.0 = Release|Any CPU
		{64237C14-86E2-4373-99C8-8C02BBA67EB6}.Release|x64.ActiveCfg = Release|x64
		{64237C14-86E2-4373-99C8-8C02BBA67EB6}.Release|x64.Build.0 = Release|x64
		{C8E0FFF3-D751-4223-9F55-CC56E1916D27}.Debug|Any CPU.ActiveCfg = Debug|Any CPU
		{C8E0FFF3-D751-4223-9F55-CC56E1916D27}.Debug|Any CPU.Build.0 = Debug|Any CPU
		{C8E0FFF3-D751-4223-9F55-CC56E1916D27}.Debug|x64.ActiveCfg = Debug|Any CPU
		{C8E0FFF3-D751-4223-9F55-CC56E1916D27}.Debug|x64.Build.0 = Debug|Any CPU
		{C8E0FFF3-D751-4223-9F55-CC56E1916D27}.Release|Any CPU.ActiveCfg = Release|Any CPU
		{C8E0FFF3-D751-4223-9F55-CC56E1916D27}.Release|Any CPU.Build.0 = Release|Any CPU
		{C8E0FFF3-D751-4223-9F55-CC56E1916D27}.Release|x64.ActiveCfg = Release|Any CPU
		{C8E0FFF3-D751-4223-9F55-CC56E1916D27}.Release|x64.Build.0 = Release|Any CPU
		{40481955-EC34-4912-89A1-5ECDA89A3433}.Debug|Any CPU.ActiveCfg = Debug|Any CPU
		{40481955-EC34-4912-89A1-5ECDA89A3433}.Debug|Any CPU.Build.0 = Debug|Any CPU
		{40481955-EC34-4912-89A1-5ECDA89A3433}.Debug|x64.ActiveCfg = Debug|Any CPU
		{40481955-EC34-4912-89A1-5ECDA89A3433}.Debug|x64.Build.0 = Debug|Any CPU
		{40481955-EC34-4912-89A1-5ECDA89A3433}.Release|Any CPU.ActiveCfg = Release|Any CPU
		{40481955-EC34-4912-89A1-5ECDA89A3433}.Release|Any CPU.Build.0 = Release|Any CPU
		{40481955-EC34-4912-89A1-5ECDA89A3433}.Release|x64.ActiveCfg = Release|Any CPU
		{40481955-EC34-4912-89A1-5ECDA89A3433}.Release|x64.Build.0 = Release|Any CPU
	EndGlobalSection
	GlobalSection(SolutionProperties) = preSolution
		HideSolutionNode = FALSE
	EndGlobalSection
	GlobalSection(ExtensibilityGlobals) = postSolution
		SolutionGuid = {9F98A599-2425-44CA-BE87-9B14416B64ED}
	EndGlobalSection
EndGlobal
